
Microsoft Visual Studio Solution File, Format Version 12.00
# Visual Studio Version 16
VisualStudioVersion = 16.0.31911.196
MinimumVisualStudioVersion = 10.0.40219.1
Project("{2150E333-8FDC-42A3-9474-1A3956D46DE8}") = "Domain", "Domain", "{76669C24-2B19-4A75-8C66-5D120E1C219A}"
EndProject
Project("{9A19103F-16F7-4668-BE54-9A1E7A4F7556}") = "CleanArch.Domain", "CleanArchDomain\CleanArch.Domain.csproj", "{5448965A-8F0F-4591-9528-ACC2969C7709}"
EndProject
Project("{2150E333-8FDC-42A3-9474-1A3956D46DE8}") = "Infra", "Infra", "{722F22D3-3294-412B-B519-9F044AEABFA6}"
EndProject
Project("{9A19103F-16F7-4668-BE54-9A1E7A4F7556}") = "CleanArch.Infra", "CleanArchInfra\CleanArch.Infra.csproj", "{DB00F018-AAB5-4F6D-A378-030C5A6CB0DC}"
EndProject
Project("{2150E333-8FDC-42A3-9474-1A3956D46DE8}") = "IoC", "IoC", "{EE0ADF89-35ED-4661-A740-F0AD59A86B1B}"
EndProject
Project("{9A19103F-16F7-4668-BE54-9A1E7A4F7556}") = "CleanArchInfra.IoC", "CleanArchInfra.IoC\CleanArchInfra.IoC.csproj", "{02B8D396-B009-4B45-B14F-ED454F9FD62B}"
EndProject
Project("{9A19103F-16F7-4668-BE54-9A1E7A4F7556}") = "CleanArch.WebUI", "CleanArch.WebUI\CleanArch.WebUI.csproj", "{58056BCE-DF4D-4079-9FD9-94DE31DC9AB4}"
EndProject
Project("{2150E333-8FDC-42A3-9474-1A3956D46DE8}") = "Application", "Application", "{F59CD053-E8E8-4AB8-A0A9-BFDDB373D49B}"
EndProject
Project("{9A19103F-16F7-4668-BE54-9A1E7A4F7556}") = "CleanArch.Application", "CleanArch.Application\CleanArch.Application.csproj", "{EE97B2EC-3582-4BDA-8C56-77BC92CF8A12}"
EndProject
Project("{FAE04EC0-301F-11D3-BF4B-00C04F79EFBC}") = "DomainTests", "..\tests\DomainTests\DomainTests.csproj", "{4F80964F-9735-4B4B-96A4-91F17D78FD58}"
EndProject
Global
	GlobalSection(SolutionConfigurationPlatforms) = preSolution
		Debug|Any CPU = Debug|Any CPU
		Release|Any CPU = Release|Any CPU
	EndGlobalSection
	GlobalSection(ProjectConfigurationPlatforms) = postSolution
		{5448965A-8F0F-4591-9528-ACC2969C7709}.Debug|Any CPU.ActiveCfg = Debug|Any CPU
		{5448965A-8F0F-4591-9528-ACC2969C7709}.Debug|Any CPU.Build.0 = Debug|Any CPU
		{5448965A-8F0F-4591-9528-ACC2969C7709}.Release|Any CPU.ActiveCfg = Release|Any CPU
		{5448965A-8F0F-4591-9528-ACC2969C7709}.Release|Any CPU.Build.0 = Release|Any CPU
		{DB00F018-AAB5-4F6D-A378-030C5A6CB0DC}.Debug|Any CPU.ActiveCfg = Debug|Any CPU
		{DB00F018-AAB5-4F6D-A378-030C5A6CB0DC}.Debug|Any CPU.Build.0 = Debug|Any CPU
		{DB00F018-AAB5-4F6D-A378-030C5A6CB0DC}.Release|Any CPU.ActiveCfg = Release|Any CPU
		{DB00F018-AAB5-4F6D-A378-030C5A6CB0DC}.Release|Any CPU.Build.0 = Release|Any CPU
		{02B8D396-B009-4B45-B14F-ED454F9FD62B}.Debug|Any CPU.ActiveCfg = Debug|Any CPU
		{02B8D396-B009-4B45-B14F-ED454F9FD62B}.Debug|Any CPU.Build.0 = Debug|Any CPU
		{02B8D396-B009-4B45-B14F-ED454F9FD62B}.Release|Any CPU.ActiveCfg = Release|Any CPU
		{02B8D396-B009-4B45-B14F-ED454F9FD62B}.Release|Any CPU.Build.0 = Release|Any CPU
		{58056BCE-DF4D-4079-9FD9-94DE31DC9AB4}.Debug|Any CPU.ActiveCfg = Debug|Any CPU
		{58056BCE-DF4D-4079-9FD9-94DE31DC9AB4}.Debug|Any CPU.Build.0 = Debug|Any CPU
		{58056BCE-DF4D-4079-9FD9-94DE31DC9AB4}.Release|Any CPU.ActiveCfg = Release|Any CPU
		{58056BCE-DF4D-4079-9FD9-94DE31DC9AB4}.Release|Any CPU.Build.0 = Release|Any CPU
		{EE97B2EC-3582-4BDA-8C56-77BC92CF8A12}.Debug|Any CPU.ActiveCfg = Debug|Any CPU
		{EE97B2EC-3582-4BDA-8C56-77BC92CF8A12}.Debug|Any CPU.Build.0 = Debug|Any CPU
		{EE97B2EC-3582-4BDA-8C56-77BC92CF8A12}.Release|Any CPU.ActiveCfg = Release|Any CPU
		{EE97B2EC-3582-4BDA-8C56-77BC92CF8A12}.Release|Any CPU.Build.0 = Release|Any CPU
		{4F80964F-9735-4B4B-96A4-91F17D78FD58}.Debug|Any CPU.ActiveCfg = Debug|Any CPU
		{4F80964F-9735-4B4B-96A4-91F17D78FD58}.Debug|Any CPU.Build.0 = Debug|Any CPU
		{4F80964F-9735-4B4B-96A4-91F17D78FD58}.Release|Any CPU.ActiveCfg = Release|Any CPU
		{4F80964F-9735-4B4B-96A4-91F17D78FD58}.Release|Any CPU.Build.0 = Release|Any CPU
	EndGlobalSection
	GlobalSection(SolutionProperties) = preSolution
		HideSolutionNode = FALSE
	EndGlobalSection
	GlobalSection(NestedProjects) = preSolution
		{5448965A-8F0F-4591-9528-ACC2969C7709} = {76669C24-2B19-4A75-8C66-5D120E1C219A}
		{DB00F018-AAB5-4F6D-A378-030C5A6CB0DC} = {722F22D3-3294-412B-B519-9F044AEABFA6}
		{02B8D396-B009-4B45-B14F-ED454F9FD62B} = {EE0ADF89-35ED-4661-A740-F0AD59A86B1B}
		{EE97B2EC-3582-4BDA-8C56-77BC92CF8A12} = {F59CD053-E8E8-4AB8-A0A9-BFDDB373D49B}
	EndGlobalSection
	GlobalSection(ExtensibilityGlobals) = postSolution
		SolutionGuid = {0D8DEB45-CDD4-4891-B453-B7EE4CA28D27}
	EndGlobalSection
EndGlobal
